<?xml version="1.0" encoding="utf-8"?>
<Project ToolsVersion="4.0" xmlns="http://schemas.microsoft.com/developer/msbuild/2003">
  <ItemGroup>
    <Filter Include="Archivos de origen">
      <UniqueIdentifier>{4FC737F1-C7A5-4376-A066-2A32D752A2FF}</UniqueIdentifier>
      <Extensions>cpp;c;cc;cxx;c++;cppm;ixx;def;odl;idl;hpj;bat;asm;asmx</Extensions>
    </Filter>
    <Filter Include="Archivos de encabezado">
      <UniqueIdentifier>{93995380-89BD-4b04-88EB-625FBE52EBFB}</UniqueIdentifier>
      <Extensions>h;hh;hpp;hxx;h++;hm;inl;inc;ipp;xsd</Extensions>
    </Filter>
    <Filter Include="Archivos de recursos">
      <UniqueIdentifier>{67DA6AB6-F800-4c08-8B7A-83BB121AAD01}</UniqueIdentifier>
      <Extensions>rc;ico;cur;bmp;dlg;rc2;rct;bin;rgs;gif;jpg;jpeg;jpe;resx;tiff;tif;png;wav;mfcribbon-ms</Extensions>
    </Filter>
    <Filter Include="Program">
      <UniqueIdentifier>{8d1a534f-8494-4195-a1c7-992c73eb1359}</UniqueIdentifier>
    </Filter>
    <Filter Include="Program\Screens">
      <UniqueIdentifier>{1785d286-a1ca-4cda-bdcf-65942af7a872}</UniqueIdentifier>
    </Filter>
    <Filter Include="Program\Screens\Game">
      <UniqueIdentifier>{ae4a8984-4f28-487d-8303-4f7e9b7568f4}</UniqueIdentifier>
    </Filter>
    <Filter Include="Program\Utilities">
      <UniqueIdentifier>{752a2078-61f5-4577-9827-8bf8f56f9601}</UniqueIdentifier>
    </Filter>
    <Filter Include="Program\Utilities\Render">
      <UniqueIdentifier>{4f4191be-4266-4fe7-8867-22272414ad15}</UniqueIdentifier>
    </Filter>
    <Filter Include="Program\Utilities\Global">
      <UniqueIdentifier>{3e64175b-f8cb-4e00-a3c1-c58b04993ac6}</UniqueIdentifier>
    </Filter>
    <Filter Include="Program\Screens\Game\Spider">
      <UniqueIdentifier>{0c051369-00ff-4a1b-adad-5e44017f03a5}</UniqueIdentifier>
    </Filter>
    <Filter Include="Program\Utilities\Math">
      <UniqueIdentifier>{be8bf48a-a8d4-45dd-bf34-888cc7ee19a3}</UniqueIdentifier>
    </Filter>
    <Filter Include="Program\Screens\Game\Enemy">
      <UniqueIdentifier>{41a952a2-b86f-414f-a700-be4a5c308463}</UniqueIdentifier>
    </Filter>
    <Filter Include="Program\Utilities\Collision">
      <UniqueIdentifier>{3a591496-a879-4c54-b0fd-ec9d61ddcf90}</UniqueIdentifier>
    </Filter>
  </ItemGroup>
  <ItemGroup>
    <ClCompile Include="src\main.cpp" />
    <ClCompile Include="src\program.cpp">
      <Filter>Program</Filter>
    </ClCompile>
    <ClCompile Include="src\global.cpp">
      <Filter>Program\Utilities\Global</Filter>
    </ClCompile>
    <ClCompile Include="src\game.cpp">
      <Filter>Program\Screens\Game</Filter>
    </ClCompile>
    <ClCompile Include="src\render.cpp">
      <Filter>Program\Utilities\Render</Filter>
    </ClCompile>
    <ClCompile Include="src\spider.cpp">
      <Filter>Program\Screens\Game\Spider</Filter>
    </ClCompile>
    <ClCompile Include="src\math.cpp">
      <Filter>Program\Utilities\Math</Filter>
    </ClCompile>
    <ClCompile Include="src\enemy.cpp">
      <Filter>Program\Screens\Game\Enemy</Filter>
    </ClCompile>
    <ClCompile Include="src\collision.cpp">
      <Filter>Program\Utilities\Collision</Filter>
    </ClCompile>
  </ItemGroup>
  <ItemGroup>
    <ClInclude Include="src\program.h">
      <Filter>Program</Filter>
    </ClInclude>
    <ClInclude Include="src\global.h">
      <Filter>Program\Utilities\Global</Filter>
    </ClInclude>
    <ClInclude Include="src\game.h">
      <Filter>Program\Screens\Game</Filter>
    </ClInclude>
    <ClInclude Include="src\render.h">
      <Filter>Program\Utilities\Render</Filter>
    </ClInclude>
    <ClInclude Include="src\screens.h">
      <Filter>Program\Screens</Filter>
    </ClInclude>
    <ClInclude Include="src\spider.h">
      <Filter>Program\Screens\Game\Spider</Filter>
    </ClInclude>
    <ClInclude Include="src\math.h">
      <Filter>Program\Utilities\Math</Filter>
    </ClInclude>
    <ClInclude Include="src\enemy.h">
      <Filter>Program\Screens\Game\Enemy</Filter>
    </ClInclude>
    <ClInclude Include="src\collision.h">
      <Filter>Program\Utilities\Collision</Filter>
    </ClInclude>
  </ItemGroup>
</Project>